{
  "object": {
    "pins": [
      {
        "package": "Pageboy",
        "repositoryURL": "https://github.com/clementleroy/Pageboy",
        "state": {
          "branch": null,
          "revision": "75c1a5662f2ed6dad7ab37f7a7e5e9f92e4dfc2c",
          "version": "3.5.2"
        }
      }
    ]
  },
  "version": 1
}
